
Microsoft Visual Studio Solution File, Format Version 12.00
# Visual Studio 2013
VisualStudioVersion = 12.0.31101.0
MinimumVisualStudioVersion = 10.0.40219.1
Project("{FAE04EC0-301F-11D3-BF4B-00C04F79EFBC}") = "DevelopmentInProgress.Origin", "..\DevelopmentInProgress.Origin\DevelopmentInProgress.Origin.csproj", "{7BCE5D35-0443-4031-843A-3563356290E1}"
EndProject
Project("{FAE04EC0-301F-11D3-BF4B-00C04F79EFBC}") = "DevelopmentInProgress.AuthorisationManager", "DevelopmentInProgress.AuthorisationManager.csproj", "{4B067197-130F-41C3-B6FB-E7541B091B4D}"
EndProject
Global
	GlobalSection(SolutionConfigurationPlatforms) = preSolution
		Debug|Any CPU = Debug|Any CPU
		Release|Any CPU = Release|Any CPU
	EndGlobalSection
	GlobalSection(ProjectConfigurationPlatforms) = postSolution
		{7BCE5D35-0443-4031-843A-3563356290E1}.Debug|Any CPU.ActiveCfg = Debug|Any CPU
		{7BCE5D35-0443-4031-843A-3563356290E1}.Debug|Any CPU.Build.0 = Debug|Any CPU
		{7BCE5D35-0443-4031-843A-3563356290E1}.Release|Any CPU.ActiveCfg = Release|Any CPU
		{7BCE5D35-0443-4031-843A-3563356290E1}.Release|Any CPU.Build.0 = Release|Any CPU
		{4B067197-130F-41C3-B6FB-E7541B091B4D}.Debug|Any CPU.ActiveCfg = Debug|Any CPU
		{4B067197-130F-41C3-B6FB-E7541B091B4D}.Debug|Any CPU.Build.0 = Debug|Any CPU
		{4B067197-130F-41C3-B6FB-E7541B091B4D}.Release|Any CPU.ActiveCfg = Release|Any CPU
		{4B067197-130F-41C3-B6FB-E7541B091B4D}.Release|Any CPU.Build.0 = Release|Any CPU
	EndGlobalSection
	GlobalSection(SolutionProperties) = preSolution
		HideSolutionNode = FALSE
	EndGlobalSection
EndGlobal
